
Microsoft Visual Studio Solution File, Format Version 12.00
# Visual Studio Version 17
VisualStudioVersion = 17.0.32112.339
MinimumVisualStudioVersion = 10.0.40219.1
Project("{FAE04EC0-301F-11D3-BF4B-00C04F79EFBC}") = "NotesAPI", "NotesAPI\NotesAPI.csproj", "{6221E76C-3F8C-4EBC-B680-4836797BC6F3}"
EndProject
Global
	GlobalSection(SolutionConfigurationPlatforms) = preSolution
		Debug|Any CPU = Debug|Any CPU
		Release|Any CPU = Release|Any CPU
	EndGlobalSection
	GlobalSection(ProjectConfigurationPlatforms) = postSolution
		{6221E76C-3F8C-4EBC-B680-4836797BC6F3}.Debug|Any CPU.ActiveCfg = Debug|Any CPU
		{6221E76C-3F8C-4EBC-B680-4836797BC6F3}.Debug|Any CPU.Build.0 = Debug|Any CPU
		{6221E76C-3F8C-4EBC-B680-4836797BC6F3}.Release|Any CPU.ActiveCfg = Release|Any CPU
		{6221E76C-3F8C-4EBC-B680-4836797BC6F3}.Release|Any CPU.Build.0 = Release|Any CPU
	EndGlobalSection
	GlobalSection(SolutionProperties) = preSolution
		HideSolutionNode = FALSE
	EndGlobalSection
	GlobalSection(ExtensibilityGlobals) = postSolution
		SolutionGuid = {BD2C6818-C774-4DB9-9116-6B7CD42BF270}
	EndGlobalSection
EndGlobal
